
Microsoft Visual Studio Solution File, Format Version 12.00
# Visual Studio Version 17
VisualStudioVersion = 17.10.35013.160
MinimumVisualStudioVersion = 10.0.40219.1
Project("{FAE04EC0-301F-11D3-BF4B-00C04F79EFBC}") = "BooksApi", "BooksApi\BooksApi.csproj", "{E4B11876-1986-4552-9E13-DF23405B286B}"
EndProject
Project("{FAE04EC0-301F-11D3-BF4B-00C04F79EFBC}") = "BooksApi.UnitTest", "BooksApi.UnitTest\BooksApi.UnitTest.csproj", "{8DAE2FBB-0409-4D8C-8197-A2DC192ADE05}"
EndProject
Global
	GlobalSection(SolutionConfigurationPlatforms) = preSolution
		Debug|Any CPU = Debug|Any CPU
		Release|Any CPU = Release|Any CPU
	EndGlobalSection
	GlobalSection(ProjectConfigurationPlatforms) = postSolution
		{E4B11876-1986-4552-9E13-DF23405B286B}.Debug|Any CPU.ActiveCfg = Debug|Any CPU
		{E4B11876-1986-4552-9E13-DF23405B286B}.Debug|Any CPU.Build.0 = Debug|Any CPU
		{E4B11876-1986-4552-9E13-DF23405B286B}.Release|Any CPU.ActiveCfg = Release|Any CPU
		{E4B11876-1986-4552-9E13-DF23405B286B}.Release|Any CPU.Build.0 = Release|Any CPU
		{8DAE2FBB-0409-4D8C-8197-A2DC192ADE05}.Debug|Any CPU.ActiveCfg = Debug|Any CPU
		{8DAE2FBB-0409-4D8C-8197-A2DC192ADE05}.Debug|Any CPU.Build.0 = Debug|Any CPU
		{8DAE2FBB-0409-4D8C-8197-A2DC192ADE05}.Release|Any CPU.ActiveCfg = Release|Any CPU
		{8DAE2FBB-0409-4D8C-8197-A2DC192ADE05}.Release|Any CPU.Build.0 = Release|Any CPU
	EndGlobalSection
	GlobalSection(SolutionProperties) = preSolution
		HideSolutionNode = FALSE
	EndGlobalSection
	GlobalSection(ExtensibilityGlobals) = postSolution
		SolutionGuid = {1D07EEC9-0C95-486F-AD78-C050312B66B6}
	EndGlobalSection
EndGlobal
